// !$*UTF8*$!
{
	archiveVersion = 1;
	classes = {
	};
	objectVersion = 56;
	objects = {

/* Begin PBXBuildFile section */
		1A40BF242C3F818E00B46E3F /* PersistenceController.swift in Sources */ = {isa = PBXBuildFile; fileRef = 1A40BF232C3F818E00B46E3F /* PersistenceController.swift */; };
		1A660D002C3CDEED00C9C2D9 /* Home.swift in Sources */ = {isa = PBXBuildFile; fileRef = 1A660CFF2C3CDEED00C9C2D9 /* Home.swift */; };
		1A660D052C3CF77000C9C2D9 /* TaxToggle.swift in Sources */ = {isa = PBXBuildFile; fileRef = 1A660D042C3CF77000C9C2D9 /* TaxToggle.swift */; };
		1A660D072C3CFD5C00C9C2D9 /* PriceInput.swift in Sources */ = {isa = PBXBuildFile; fileRef = 1A660D062C3CFD5C00C9C2D9 /* PriceInput.swift */; };
		1A660D092C3CFE5F00C9C2D9 /* DiscountInput.swift in Sources */ = {isa = PBXBuildFile; fileRef = 1A660D082C3CFE5F00C9C2D9 /* DiscountInput.swift */; };
		1A660D0B2C3CFF3C00C9C2D9 /* TotalSpendings.swift in Sources */ = {isa = PBXBuildFile; fileRef = 1A660D0A2C3CFF3C00C9C2D9 /* TotalSpendings.swift */; };
		1A818AA52C44D4B700D2ADF7 /* Localizable.xcstrings in Resources */ = {isa = PBXBuildFile; fileRef = 1A818AA42C44D4B700D2ADF7 /* Localizable.xcstrings */; };
		1A8B04992C3E62A3000C9AAA /* CategoryInput.swift in Sources */ = {isa = PBXBuildFile; fileRef = 1A8B04982C3E62A3000C9AAA /* CategoryInput.swift */; };
		1A8B049B2C3E62C2000C9AAA /* QuantityInput.swift in Sources */ = {isa = PBXBuildFile; fileRef = 1A8B049A2C3E62C2000C9AAA /* QuantityInput.swift */; };
		1A8B049E2C3E6422000C9AAA /* HomeViewModel.swift in Sources */ = {isa = PBXBuildFile; fileRef = 1A8B049D2C3E6422000C9AAA /* HomeViewModel.swift */; };
		1A8B04A42C3E6A84000C9AAA /* Item.swift in Sources */ = {isa = PBXBuildFile; fileRef = 1A8B04A32C3E6A84000C9AAA /* Item.swift */; };
		1A8B04A62C3E6ACF000C9AAA /* ItemList.swift in Sources */ = {isa = PBXBuildFile; fileRef = 1A8B04A52C3E6ACF000C9AAA /* ItemList.swift */; };
		1AEB09492C40BEAB0006EF4D /* Product.swift in Sources */ = {isa = PBXBuildFile; fileRef = 1AEB09482C40BEAB0006EF4D /* Product.swift */; };
		1AEB094D2C40BEB10006EF4D /* TripDetail.swift in Sources */ = {isa = PBXBuildFile; fileRef = 1AEB094B2C40BEB10006EF4D /* TripDetail.swift */; };
		1AEB094F2C40BED90006EF4D /* ShoppingTripViewModel.swift in Sources */ = {isa = PBXBuildFile; fileRef = 1AEB094E2C40BED90006EF4D /* ShoppingTripViewModel.swift */; };
		1AEB09562C40BFA20006EF4D /* AddNewTripView.swift in Sources */ = {isa = PBXBuildFile; fileRef = 1AEB09502C40BFA20006EF4D /* AddNewTripView.swift */; };
		1AEB09572C40BFA20006EF4D /* CartView.swift in Sources */ = {isa = PBXBuildFile; fileRef = 1AEB09512C40BFA20006EF4D /* CartView.swift */; };
		1AEB09592C40BFA20006EF4D /* AddNewProductView.swift in Sources */ = {isa = PBXBuildFile; fileRef = 1AEB09542C40BFA20006EF4D /* AddNewProductView.swift */; };
		1AEB095A2C40BFA20006EF4D /* ShoppingTripView.swift in Sources */ = {isa = PBXBuildFile; fileRef = 1AEB09552C40BFA20006EF4D /* ShoppingTripView.swift */; };
		462293302C3BA7F60044370A /* ElderCalculatorApp.swift in Sources */ = {isa = PBXBuildFile; fileRef = 4622932F2C3BA7F60044370A /* ElderCalculatorApp.swift */; };
		462293322C3BA7F60044370A /* ContentView.swift in Sources */ = {isa = PBXBuildFile; fileRef = 462293312C3BA7F60044370A /* ContentView.swift */; };
		462293342C3BA7F80044370A /* Assets.xcassets in Resources */ = {isa = PBXBuildFile; fileRef = 462293332C3BA7F80044370A /* Assets.xcassets */; };
		462293372C3BA7F80044370A /* Preview Assets.xcassets in Resources */ = {isa = PBXBuildFile; fileRef = 462293362C3BA7F80044370A /* Preview Assets.xcassets */; };
		462293602C40E03D0044370A /* Trip.swift in Sources */ = {isa = PBXBuildFile; fileRef = 4622935F2C40E03D0044370A /* Trip.swift */; };
		462293622C40E0570044370A /* TripCardView.swift in Sources */ = {isa = PBXBuildFile; fileRef = 462293612C40E0570044370A /* TripCardView.swift */; };
		462293642C43C2330044370A /* ItemList_Preview.swift in Sources */ = {isa = PBXBuildFile; fileRef = 462293632C43C2330044370A /* ItemList_Preview.swift */; };
		BF4916EB2C3CDA90000F8596 /* SFProDisplay-Bold.OTF in Resources */ = {isa = PBXBuildFile; fileRef = BF4916E22C3CDA90000F8596 /* SFProDisplay-Bold.OTF */; };
		BF4916EC2C3CDA90000F8596 /* SFProDisplay-Heavy.otf in Resources */ = {isa = PBXBuildFile; fileRef = BF4916E32C3CDA90000F8596 /* SFProDisplay-Heavy.otf */; };
		BF4916ED2C3CDA90000F8596 /* SFProDisplay-Light.otf in Resources */ = {isa = PBXBuildFile; fileRef = BF4916E42C3CDA90000F8596 /* SFProDisplay-Light.otf */; };
		BF4916EE2C3CDA90000F8596 /* SFProDisplay-Medium.OTF in Resources */ = {isa = PBXBuildFile; fileRef = BF4916E52C3CDA90000F8596 /* SFProDisplay-Medium.OTF */; };
		BF4916EF2C3CDA90000F8596 /* SFProDisplay-Regular.OTF in Resources */ = {isa = PBXBuildFile; fileRef = BF4916E62C3CDA90000F8596 /* SFProDisplay-Regular.OTF */; };
		BF4916F02C3CDA90000F8596 /* SFProDisplay-Semibold.otf in Resources */ = {isa = PBXBuildFile; fileRef = BF4916E72C3CDA90000F8596 /* SFProDisplay-Semibold.otf */; };
		BF4916F12C3CDA90000F8596 /* SFProDisplay-Thin.otf in Resources */ = {isa = PBXBuildFile; fileRef = BF4916E82C3CDA90000F8596 /* SFProDisplay-Thin.otf */; };
		BF4916F22C3CDA90000F8596 /* SFProDisplay-Ultralight.otf in Resources */ = {isa = PBXBuildFile; fileRef = BF4916E92C3CDA90000F8596 /* SFProDisplay-Ultralight.otf */; };
		BF4916F52C3CDAD1000F8596 /* FontExtension.swift in Sources */ = {isa = PBXBuildFile; fileRef = BF4916F42C3CDAD1000F8596 /* FontExtension.swift */; };
/* End PBXBuildFile section */

/* Begin PBXFileReference section */
		1A40BF232C3F818E00B46E3F /* PersistenceController.swift */ = {isa = PBXFileReference; lastKnownFileType = sourcecode.swift; path = PersistenceController.swift; sourceTree = "<group>"; };
		1A660CFF2C3CDEED00C9C2D9 /* Home.swift */ = {isa = PBXFileReference; lastKnownFileType = sourcecode.swift; path = Home.swift; sourceTree = "<group>"; };
		1A660D042C3CF77000C9C2D9 /* TaxToggle.swift */ = {isa = PBXFileReference; lastKnownFileType = sourcecode.swift; path = TaxToggle.swift; sourceTree = "<group>"; };
		1A660D062C3CFD5C00C9C2D9 /* PriceInput.swift */ = {isa = PBXFileReference; lastKnownFileType = sourcecode.swift; path = PriceInput.swift; sourceTree = "<group>"; };
		1A660D082C3CFE5F00C9C2D9 /* DiscountInput.swift */ = {isa = PBXFileReference; lastKnownFileType = sourcecode.swift; path = DiscountInput.swift; sourceTree = "<group>"; };
		1A660D0A2C3CFF3C00C9C2D9 /* TotalSpendings.swift */ = {isa = PBXFileReference; lastKnownFileType = sourcecode.swift; path = TotalSpendings.swift; sourceTree = "<group>"; };
		1A818AA42C44D4B700D2ADF7 /* Localizable.xcstrings */ = {isa = PBXFileReference; lastKnownFileType = text.json.xcstrings; path = Localizable.xcstrings; sourceTree = "<group>"; };
		1A8B04982C3E62A3000C9AAA /* CategoryInput.swift */ = {isa = PBXFileReference; lastKnownFileType = sourcecode.swift; path = CategoryInput.swift; sourceTree = "<group>"; };
		1A8B049A2C3E62C2000C9AAA /* QuantityInput.swift */ = {isa = PBXFileReference; lastKnownFileType = sourcecode.swift; path = QuantityInput.swift; sourceTree = "<group>"; };
		1A8B049D2C3E6422000C9AAA /* HomeViewModel.swift */ = {isa = PBXFileReference; lastKnownFileType = sourcecode.swift; path = HomeViewModel.swift; sourceTree = "<group>"; };
		1A8B04A32C3E6A84000C9AAA /* Item.swift */ = {isa = PBXFileReference; lastKnownFileType = sourcecode.swift; path = Item.swift; sourceTree = "<group>"; };
		1A8B04A52C3E6ACF000C9AAA /* ItemList.swift */ = {isa = PBXFileReference; lastKnownFileType = sourcecode.swift; path = ItemList.swift; sourceTree = "<group>"; };
		1AEB09482C40BEAB0006EF4D /* Product.swift */ = {isa = PBXFileReference; fileEncoding = 4; lastKnownFileType = sourcecode.swift; path = Product.swift; sourceTree = "<group>"; };
		1AEB094B2C40BEB10006EF4D /* TripDetail.swift */ = {isa = PBXFileReference; fileEncoding = 4; lastKnownFileType = sourcecode.swift; path = TripDetail.swift; sourceTree = "<group>"; };
		1AEB094E2C40BED90006EF4D /* ShoppingTripViewModel.swift */ = {isa = PBXFileReference; fileEncoding = 4; lastKnownFileType = sourcecode.swift; path = ShoppingTripViewModel.swift; sourceTree = "<group>"; };
		1AEB09502C40BFA20006EF4D /* AddNewTripView.swift */ = {isa = PBXFileReference; fileEncoding = 4; lastKnownFileType = sourcecode.swift; path = AddNewTripView.swift; sourceTree = "<group>"; };
		1AEB09512C40BFA20006EF4D /* CartView.swift */ = {isa = PBXFileReference; fileEncoding = 4; lastKnownFileType = sourcecode.swift; path = CartView.swift; sourceTree = "<group>"; };
		1AEB09542C40BFA20006EF4D /* AddNewProductView.swift */ = {isa = PBXFileReference; fileEncoding = 4; lastKnownFileType = sourcecode.swift; path = AddNewProductView.swift; sourceTree = "<group>"; };
		1AEB09552C40BFA20006EF4D /* ShoppingTripView.swift */ = {isa = PBXFileReference; fileEncoding = 4; lastKnownFileType = sourcecode.swift; path = ShoppingTripView.swift; sourceTree = "<group>"; };
		4622932C2C3BA7F60044370A /* ElderCalculator.app */ = {isa = PBXFileReference; explicitFileType = wrapper.application; includeInIndex = 0; path = ElderCalculator.app; sourceTree = BUILT_PRODUCTS_DIR; };
		4622932F2C3BA7F60044370A /* ElderCalculatorApp.swift */ = {isa = PBXFileReference; lastKnownFileType = sourcecode.swift; path = ElderCalculatorApp.swift; sourceTree = "<group>"; };
		462293312C3BA7F60044370A /* ContentView.swift */ = {isa = PBXFileReference; lastKnownFileType = sourcecode.swift; path = ContentView.swift; sourceTree = "<group>"; };
		462293332C3BA7F80044370A /* Assets.xcassets */ = {isa = PBXFileReference; lastKnownFileType = folder.assetcatalog; path = Assets.xcassets; sourceTree = "<group>"; };
		462293362C3BA7F80044370A /* Preview Assets.xcassets */ = {isa = PBXFileReference; lastKnownFileType = folder.assetcatalog; path = "Preview Assets.xcassets"; sourceTree = "<group>"; };
		4622935F2C40E03D0044370A /* Trip.swift */ = {isa = PBXFileReference; lastKnownFileType = sourcecode.swift; path = Trip.swift; sourceTree = "<group>"; };
		462293612C40E0570044370A /* TripCardView.swift */ = {isa = PBXFileReference; lastKnownFileType = sourcecode.swift; name = TripCardView.swift; path = ElderCalculator/Model/TripCardView.swift; sourceTree = SOURCE_ROOT; };
		462293632C43C2330044370A /* ItemList_Preview.swift */ = {isa = PBXFileReference; lastKnownFileType = sourcecode.swift; path = ItemList_Preview.swift; sourceTree = "<group>"; };
		BF4916E22C3CDA90000F8596 /* SFProDisplay-Bold.OTF */ = {isa = PBXFileReference; lastKnownFileType = file; path = "SFProDisplay-Bold.OTF"; sourceTree = "<group>"; };
		BF4916E32C3CDA90000F8596 /* SFProDisplay-Heavy.otf */ = {isa = PBXFileReference; lastKnownFileType = file; path = "SFProDisplay-Heavy.otf"; sourceTree = "<group>"; };
		BF4916E42C3CDA90000F8596 /* SFProDisplay-Light.otf */ = {isa = PBXFileReference; lastKnownFileType = file; path = "SFProDisplay-Light.otf"; sourceTree = "<group>"; };
		BF4916E52C3CDA90000F8596 /* SFProDisplay-Medium.OTF */ = {isa = PBXFileReference; lastKnownFileType = file; path = "SFProDisplay-Medium.OTF"; sourceTree = "<group>"; };
		BF4916E62C3CDA90000F8596 /* SFProDisplay-Regular.OTF */ = {isa = PBXFileReference; lastKnownFileType = file; path = "SFProDisplay-Regular.OTF"; sourceTree = "<group>"; };
		BF4916E72C3CDA90000F8596 /* SFProDisplay-Semibold.otf */ = {isa = PBXFileReference; lastKnownFileType = file; path = "SFProDisplay-Semibold.otf"; sourceTree = "<group>"; };
		BF4916E82C3CDA90000F8596 /* SFProDisplay-Thin.otf */ = {isa = PBXFileReference; lastKnownFileType = file; path = "SFProDisplay-Thin.otf"; sourceTree = "<group>"; };
		BF4916E92C3CDA90000F8596 /* SFProDisplay-Ultralight.otf */ = {isa = PBXFileReference; lastKnownFileType = file; path = "SFProDisplay-Ultralight.otf"; sourceTree = "<group>"; };
		BF4916F32C3CDAA3000F8596 /* Info.plist */ = {isa = PBXFileReference; lastKnownFileType = text.plist; path = Info.plist; sourceTree = "<group>"; };
		BF4916F42C3CDAD1000F8596 /* FontExtension.swift */ = {isa = PBXFileReference; lastKnownFileType = sourcecode.swift; path = FontExtension.swift; sourceTree = "<group>"; };
/* End PBXFileReference section */

/* Begin PBXFrameworksBuildPhase section */
		462293292C3BA7F60044370A /* Frameworks */ = {
			isa = PBXFrameworksBuildPhase;
			buildActionMask = 2147483647;
			files = (
			);
			runOnlyForDeploymentPostprocessing = 0;
		};
/* End PBXFrameworksBuildPhase section */

/* Begin PBXGroup section */
		1A660CFE2C3CDE5F00C9C2D9 /* Views */ = {
			isa = PBXGroup;
			children = (
				1AEB09532C40BFA20006EF4D /* Components */,
				1AEB09542C40BFA20006EF4D /* AddNewProductView.swift */,
				1AEB09502C40BFA20006EF4D /* AddNewTripView.swift */,
				1AEB09512C40BFA20006EF4D /* CartView.swift */,
				1AEB09552C40BFA20006EF4D /* ShoppingTripView.swift */,
				1A660CFF2C3CDEED00C9C2D9 /* Home.swift */,
				1A8B04A52C3E6ACF000C9AAA /* ItemList.swift */,
				462293632C43C2330044370A /* ItemList_Preview.swift */,
			);
			path = Views;
			sourceTree = "<group>";
		};
		1A660D012C3CDFEC00C9C2D9 /* Model */ = {
			isa = PBXGroup;
			children = (
				1AEB094B2C40BEB10006EF4D /* TripDetail.swift */,
				1AEB09482C40BEAB0006EF4D /* Product.swift */,
				1A660D042C3CF77000C9C2D9 /* TaxToggle.swift */,
				1A660D062C3CFD5C00C9C2D9 /* PriceInput.swift */,
				1A660D082C3CFE5F00C9C2D9 /* DiscountInput.swift */,
				1A660D0A2C3CFF3C00C9C2D9 /* TotalSpendings.swift */,
				1A8B04982C3E62A3000C9AAA /* CategoryInput.swift */,
				1A8B049A2C3E62C2000C9AAA /* QuantityInput.swift */,
				1A8B04A32C3E6A84000C9AAA /* Item.swift */,
				4622935F2C40E03D0044370A /* Trip.swift */,
			);
			path = Model;
			sourceTree = "<group>";
		};
		1A8B049C2C3E6407000C9AAA /* ViewModel */ = {
			isa = PBXGroup;
			children = (
				1AEB094E2C40BED90006EF4D /* ShoppingTripViewModel.swift */,
				1A8B049D2C3E6422000C9AAA /* HomeViewModel.swift */,
			);
			path = ViewModel;
			sourceTree = "<group>";
		};
		1AEB09532C40BFA20006EF4D /* Components */ = {
			isa = PBXGroup;
			children = (
				462293612C40E0570044370A /* TripCardView.swift */,
			);
			name = Components;
			path = "../../../../../../Downloads/ElderCalculator-swiftData2-2/ElderCalculator/View/Components";
			sourceTree = "<group>";
		};
		462293232C3BA7F60044370A = {
			isa = PBXGroup;
			children = (
				4622932E2C3BA7F60044370A /* ElderCalculator */,
				4622932D2C3BA7F60044370A /* Products */,
			);
			sourceTree = "<group>";
		};
		4622932D2C3BA7F60044370A /* Products */ = {
			isa = PBXGroup;
			children = (
				4622932C2C3BA7F60044370A /* ElderCalculator.app */,
			);
			name = Products;
			sourceTree = "<group>";
		};
		4622932E2C3BA7F60044370A /* ElderCalculator */ = {
			isa = PBXGroup;
			children = (
				BF4916F32C3CDAA3000F8596 /* Info.plist */,
				4622932F2C3BA7F60044370A /* ElderCalculatorApp.swift */,
				462293312C3BA7F60044370A /* ContentView.swift */,
				BF4916F42C3CDAD1000F8596 /* FontExtension.swift */,
				1A40BF232C3F818E00B46E3F /* PersistenceController.swift */,
				BF4916EA2C3CDA90000F8596 /* Font */,
				1A660D012C3CDFEC00C9C2D9 /* Model */,
				1A660CFE2C3CDE5F00C9C2D9 /* Views */,
				1A8B049C2C3E6407000C9AAA /* ViewModel */,
				462293332C3BA7F80044370A /* Assets.xcassets */,
				462293352C3BA7F80044370A /* Preview Content */,
				1A818AA42C44D4B700D2ADF7 /* Localizable.xcstrings */,
			);
			path = ElderCalculator;
			sourceTree = "<group>";
		};
		462293352C3BA7F80044370A /* Preview Content */ = {
			isa = PBXGroup;
			children = (
				462293362C3BA7F80044370A /* Preview Assets.xcassets */,
			);
			path = "Preview Content";
			sourceTree = "<group>";
		};
		BF4916EA2C3CDA90000F8596 /* Font */ = {
			isa = PBXGroup;
			children = (
				BF4916E22C3CDA90000F8596 /* SFProDisplay-Bold.OTF */,
				BF4916E32C3CDA90000F8596 /* SFProDisplay-Heavy.otf */,
				BF4916E42C3CDA90000F8596 /* SFProDisplay-Light.otf */,
				BF4916E52C3CDA90000F8596 /* SFProDisplay-Medium.OTF */,
				BF4916E62C3CDA90000F8596 /* SFProDisplay-Regular.OTF */,
				BF4916E72C3CDA90000F8596 /* SFProDisplay-Semibold.otf */,
				BF4916E82C3CDA90000F8596 /* SFProDisplay-Thin.otf */,
				BF4916E92C3CDA90000F8596 /* SFProDisplay-Ultralight.otf */,
			);
			path = Font;
			sourceTree = "<group>";
		};
/* End PBXGroup section */

/* Begin PBXNativeTarget section */
		4622932B2C3BA7F60044370A /* ElderCalculator */ = {
			isa = PBXNativeTarget;
			buildConfigurationList = 4622933A2C3BA7F80044370A /* Build configuration list for PBXNativeTarget "ElderCalculator" */;
			buildPhases = (
				462293282C3BA7F60044370A /* Sources */,
				462293292C3BA7F60044370A /* Frameworks */,
				4622932A2C3BA7F60044370A /* Resources */,
			);
			buildRules = (
			);
			dependencies = (
			);
			name = ElderCalculator;
			productName = ElderCalculator;
			productReference = 4622932C2C3BA7F60044370A /* ElderCalculator.app */;
			productType = "com.apple.product-type.application";
		};
/* End PBXNativeTarget section */

/* Begin PBXProject section */
		462293242C3BA7F60044370A /* Project object */ = {
			isa = PBXProject;
			attributes = {
				BuildIndependentTargetsInParallel = 1;
				LastSwiftUpdateCheck = 1540;
				LastUpgradeCheck = 1540;
				TargetAttributes = {
					4622932B2C3BA7F60044370A = {
						CreatedOnToolsVersion = 15.4;
					};
				};
			};
			buildConfigurationList = 462293272C3BA7F60044370A /* Build configuration list for PBXProject "ElderCalculator" */;
			compatibilityVersion = "Xcode 14.0";
			developmentRegion = en;
			hasScannedForEncodings = 0;
			knownRegions = (
				en,
				Base,
				id,
			);
			mainGroup = 462293232C3BA7F60044370A;
			productRefGroup = 4622932D2C3BA7F60044370A /* Products */;
			projectDirPath = "";
			projectRoot = "";
			targets = (
				4622932B2C3BA7F60044370A /* ElderCalculator */,
			);
		};
/* End PBXProject section */

/* Begin PBXResourcesBuildPhase section */
		4622932A2C3BA7F60044370A /* Resources */ = {
			isa = PBXResourcesBuildPhase;
			buildActionMask = 2147483647;
			files = (
				BF4916EB2C3CDA90000F8596 /* SFProDisplay-Bold.OTF in Resources */,
				462293372C3BA7F80044370A /* Preview Assets.xcassets in Resources */,
				1A818AA52C44D4B700D2ADF7 /* Localizable.xcstrings in Resources */,
				BF4916F12C3CDA90000F8596 /* SFProDisplay-Thin.otf in Resources */,
				BF4916EF2C3CDA90000F8596 /* SFProDisplay-Regular.OTF in Resources */,
				BF4916EE2C3CDA90000F8596 /* SFProDisplay-Medium.OTF in Resources */,
				BF4916F02C3CDA90000F8596 /* SFProDisplay-Semibold.otf in Resources */,
				BF4916ED2C3CDA90000F8596 /* SFProDisplay-Light.otf in Resources */,
				BF4916F22C3CDA90000F8596 /* SFProDisplay-Ultralight.otf in Resources */,
				462293342C3BA7F80044370A /* Assets.xcassets in Resources */,
				BF4916EC2C3CDA90000F8596 /* SFProDisplay-Heavy.otf in Resources */,
			);
			runOnlyForDeploymentPostprocessing = 0;
		};
/* End PBXResourcesBuildPhase section */

/* Begin PBXSourcesBuildPhase section */
		462293282C3BA7F60044370A /* Sources */ = {
			isa = PBXSourcesBuildPhase;
			buildActionMask = 2147483647;
			files = (
				1A660D052C3CF77000C9C2D9 /* TaxToggle.swift in Sources */,
				1A40BF242C3F818E00B46E3F /* PersistenceController.swift in Sources */,
				1A8B049E2C3E6422000C9AAA /* HomeViewModel.swift in Sources */,
				1AEB094F2C40BED90006EF4D /* ShoppingTripViewModel.swift in Sources */,
				BF4916F52C3CDAD1000F8596 /* FontExtension.swift in Sources */,
				1A660D092C3CFE5F00C9C2D9 /* DiscountInput.swift in Sources */,
				1A8B04A42C3E6A84000C9AAA /* Item.swift in Sources */,
				1AEB094D2C40BEB10006EF4D /* TripDetail.swift in Sources */,
				1AEB09562C40BFA20006EF4D /* AddNewTripView.swift in Sources */,
				1AEB09572C40BFA20006EF4D /* CartView.swift in Sources */,
				462293322C3BA7F60044370A /* ContentView.swift in Sources */,
				462293602C40E03D0044370A /* Trip.swift in Sources */,
				1A660D002C3CDEED00C9C2D9 /* Home.swift in Sources */,
				1A660D072C3CFD5C00C9C2D9 /* PriceInput.swift in Sources */,
				1AEB095A2C40BFA20006EF4D /* ShoppingTripView.swift in Sources */,
				1A660D0B2C3CFF3C00C9C2D9 /* TotalSpendings.swift in Sources */,
				1A8B04A62C3E6ACF000C9AAA /* ItemList.swift in Sources */,
				462293622C40E0570044370A /* TripCardView.swift in Sources */,
				462293302C3BA7F60044370A /* ElderCalculatorApp.swift in Sources */,
				1A8B04992C3E62A3000C9AAA /* CategoryInput.swift in Sources */,
				1A8B049B2C3E62C2000C9AAA /* QuantityInput.swift in Sources */,
				462293642C43C2330044370A /* ItemList_Preview.swift in Sources */,
				1AEB09592C40BFA20006EF4D /* AddNewProductView.swift in Sources */,
				1AEB09492C40BEAB0006EF4D /* Product.swift in Sources */,
			);
			runOnlyForDeploymentPostprocessing = 0;
		};
/* End PBXSourcesBuildPhase section */

/* Begin XCBuildConfiguration section */
		462293382C3BA7F80044370A /* Debug */ = {
			isa = XCBuildConfiguration;
			buildSettings = {
				ALWAYS_SEARCH_USER_PATHS = NO;
				ASSETCATALOG_COMPILER_GENERATE_SWIFT_ASSET_SYMBOL_EXTENSIONS = YES;
				CLANG_ANALYZER_NONNULL = YES;
				CLANG_ANALYZER_NUMBER_OBJECT_CONVERSION = YES_AGGRESSIVE;
				CLANG_CXX_LANGUAGE_STANDARD = "gnu++20";
				CLANG_ENABLE_MODULES = YES;
				CLANG_ENABLE_OBJC_ARC = YES;
				CLANG_ENABLE_OBJC_WEAK = YES;
				CLANG_WARN_BLOCK_CAPTURE_AUTORELEASING = YES;
				CLANG_WARN_BOOL_CONVERSION = YES;
				CLANG_WARN_COMMA = YES;
				CLANG_WARN_CONSTANT_CONVERSION = YES;
				CLANG_WARN_DEPRECATED_OBJC_IMPLEMENTATIONS = YES;
				CLANG_WARN_DIRECT_OBJC_ISA_USAGE = YES_ERROR;
				CLANG_WARN_DOCUMENTATION_COMMENTS = YES;
				CLANG_WARN_EMPTY_BODY = YES;
				CLANG_WARN_ENUM_CONVERSION = YES;
				CLANG_WARN_INFINITE_RECURSION = YES;
				CLANG_WARN_INT_CONVERSION = YES;
				CLANG_WARN_NON_LITERAL_NULL_CONVERSION = YES;
				CLANG_WARN_OBJC_IMPLICIT_RETAIN_SELF = YES;
				CLANG_WARN_OBJC_LITERAL_CONVERSION = YES;
				CLANG_WARN_OBJC_ROOT_CLASS = YES_ERROR;
				CLANG_WARN_QUOTED_INCLUDE_IN_FRAMEWORK_HEADER = YES;
				CLANG_WARN_RANGE_LOOP_ANALYSIS = YES;
				CLANG_WARN_STRICT_PROTOTYPES = YES;
				CLANG_WARN_SUSPICIOUS_MOVE = YES;
				CLANG_WARN_UNGUARDED_AVAILABILITY = YES_AGGRESSIVE;
				CLANG_WARN_UNREACHABLE_CODE = YES;
				CLANG_WARN__DUPLICATE_METHOD_MATCH = YES;
				COPY_PHASE_STRIP = NO;
				DEBUG_INFORMATION_FORMAT = dwarf;
				ENABLE_STRICT_OBJC_MSGSEND = YES;
				ENABLE_TESTABILITY = YES;
				ENABLE_USER_SCRIPT_SANDBOXING = YES;
				GCC_C_LANGUAGE_STANDARD = gnu17;
				GCC_DYNAMIC_NO_PIC = NO;
				GCC_NO_COMMON_BLOCKS = YES;
				GCC_OPTIMIZATION_LEVEL = 0;
				GCC_PREPROCESSOR_DEFINITIONS = (
					"DEBUG=1",
					"$(inherited)",
				);
				GCC_WARN_64_TO_32_BIT_CONVERSION = YES;
				GCC_WARN_ABOUT_RETURN_TYPE = YES_ERROR;
				GCC_WARN_UNDECLARED_SELECTOR = YES;
				GCC_WARN_UNINITIALIZED_AUTOS = YES_AGGRESSIVE;
				GCC_WARN_UNUSED_FUNCTION = YES;
				GCC_WARN_UNUSED_VARIABLE = YES;
				IPHONEOS_DEPLOYMENT_TARGET = 17.5;
				LOCALIZATION_PREFERS_STRING_CATALOGS = YES;
				MTL_ENABLE_DEBUG_INFO = INCLUDE_SOURCE;
				MTL_FAST_MATH = YES;
				ONLY_ACTIVE_ARCH = YES;
				SDKROOT = iphoneos;
				SWIFT_ACTIVE_COMPILATION_CONDITIONS = "DEBUG $(inherited)";
				SWIFT_OPTIMIZATION_LEVEL = "-Onone";
			};
			name = Debug;
		};
		462293392C3BA7F80044370A /* Release */ = {
			isa = XCBuildConfiguration;
			buildSettings = {
				ALWAYS_SEARCH_USER_PATHS = NO;
				ASSETCATALOG_COMPILER_GENERATE_SWIFT_ASSET_SYMBOL_EXTENSIONS = YES;
				CLANG_ANALYZER_NONNULL = YES;
				CLANG_ANALYZER_NUMBER_OBJECT_CONVERSION = YES_AGGRESSIVE;
				CLANG_CXX_LANGUAGE_STANDARD = "gnu++20";
				CLANG_ENABLE_MODULES = YES;
				CLANG_ENABLE_OBJC_ARC = YES;
				CLANG_ENABLE_OBJC_WEAK = YES;
				CLANG_WARN_BLOCK_CAPTURE_AUTORELEASING = YES;
				CLANG_WARN_BOOL_CONVERSION = YES;
				CLANG_WARN_COMMA = YES;
				CLANG_WARN_CONSTANT_CONVERSION = YES;
				CLANG_WARN_DEPRECATED_OBJC_IMPLEMENTATIONS = YES;
				CLANG_WARN_DIRECT_OBJC_ISA_USAGE = YES_ERROR;
				CLANG_WARN_DOCUMENTATION_COMMENTS = YES;
				CLANG_WARN_EMPTY_BODY = YES;
				CLANG_WARN_ENUM_CONVERSION = YES;
				CLANG_WARN_INFINITE_RECURSION = YES;
				CLANG_WARN_INT_CONVERSION = YES;
				CLANG_WARN_NON_LITERAL_NULL_CONVERSION = YES;
				CLANG_WARN_OBJC_IMPLICIT_RETAIN_SELF = YES;
				CLANG_WARN_OBJC_LITERAL_CONVERSION = YES;
				CLANG_WARN_OBJC_ROOT_CLASS = YES_ERROR;
				CLANG_WARN_QUOTED_INCLUDE_IN_FRAMEWORK_HEADER = YES;
				CLANG_WARN_RANGE_LOOP_ANALYSIS = YES;
				CLANG_WARN_STRICT_PROTOTYPES = YES;
				CLANG_WARN_SUSPICIOUS_MOVE = YES;
				CLANG_WARN_UNGUARDED_AVAILABILITY = YES_AGGRESSIVE;
				CLANG_WARN_UNREACHABLE_CODE = YES;
				CLANG_WARN__DUPLICATE_METHOD_MATCH = YES;
				COPY_PHASE_STRIP = NO;
				DEBUG_INFORMATION_FORMAT = "dwarf-with-dsym";
				ENABLE_NS_ASSERTIONS = NO;
				ENABLE_STRICT_OBJC_MSGSEND = YES;
				ENABLE_USER_SCRIPT_SANDBOXING = YES;
				GCC_C_LANGUAGE_STANDARD = gnu17;
				GCC_NO_COMMON_BLOCKS = YES;
				GCC_WARN_64_TO_32_BIT_CONVERSION = YES;
				GCC_WARN_ABOUT_RETURN_TYPE = YES_ERROR;
				GCC_WARN_UNDECLARED_SELECTOR = YES;
				GCC_WARN_UNINITIALIZED_AUTOS = YES_AGGRESSIVE;
				GCC_WARN_UNUSED_FUNCTION = YES;
				GCC_WARN_UNUSED_VARIABLE = YES;
				IPHONEOS_DEPLOYMENT_TARGET = 17.5;
				LOCALIZATION_PREFERS_STRING_CATALOGS = YES;
				MTL_ENABLE_DEBUG_INFO = NO;
				MTL_FAST_MATH = YES;
				SDKROOT = iphoneos;
				SWIFT_COMPILATION_MODE = wholemodule;
				VALIDATE_PRODUCT = YES;
			};
			name = Release;
		};
		4622933B2C3BA7F80044370A /* Debug */ = {
			isa = XCBuildConfiguration;
			buildSettings = {
				ASSETCATALOG_COMPILER_APPICON_NAME = AppIcon;
				ASSETCATALOG_COMPILER_GLOBAL_ACCENT_COLOR_NAME = AccentColor;
				CODE_SIGN_STYLE = Automatic;
				CURRENT_PROJECT_VERSION = 1;
				DEVELOPMENT_ASSET_PATHS = "\"ElderCalculator/Preview Content\"";
				DEVELOPMENT_TEAM = 88D2VWU83D;
				ENABLE_PREVIEWS = YES;
				GENERATE_INFOPLIST_FILE = YES;
				INFOPLIST_FILE = ElderCalculator/Info.plist;
				INFOPLIST_KEY_UIApplicationSceneManifest_Generation = YES;
				INFOPLIST_KEY_UIApplicationSupportsIndirectInputEvents = YES;
				INFOPLIST_KEY_UILaunchScreen_Generation = YES;
				INFOPLIST_KEY_UISupportedInterfaceOrientations_iPad = "UIInterfaceOrientationPortrait UIInterfaceOrientationPortraitUpsideDown UIInterfaceOrientationLandscapeLeft UIInterfaceOrientationLandscapeRight";
				INFOPLIST_KEY_UISupportedInterfaceOrientations_iPhone = "UIInterfaceOrientationPortrait UIInterfaceOrientationLandscapeLeft UIInterfaceOrientationLandscapeRight";
				LD_RUNPATH_SEARCH_PATHS = (
					"$(inherited)",
					"@executable_path/Frameworks",
				);
				MARKETING_VERSION = 1.0;
				PRODUCT_BUNDLE_IDENTIFIER = "com.nano3-app.ElderCalculator";
				PRODUCT_NAME = "$(TARGET_NAME)";
				SWIFT_EMIT_LOC_STRINGS = YES;
				SWIFT_VERSION = 5.0;
				TARGETED_DEVICE_FAMILY = "1,2";
			};
			name = Debug;
		};
		4622933C2C3BA7F80044370A /* Release */ = {
			isa = XCBuildConfiguration;
			buildSettings = {
				ASSETCATALOG_COMPILER_APPICON_NAME = AppIcon;
				ASSETCATALOG_COMPILER_GLOBAL_ACCENT_COLOR_NAME = AccentColor;
				CODE_SIGN_STYLE = Automatic;
				CURRENT_PROJECT_VERSION = 1;
				DEVELOPMENT_ASSET_PATHS = "\"ElderCalculator/Preview Content\"";
				DEVELOPMENT_TEAM = 88D2VWU83D;
				ENABLE_PREVIEWS = YES;
				GENERATE_INFOPLIST_FILE = YES;
				INFOPLIST_FILE = ElderCalculator/Info.plist;
				INFOPLIST_KEY_UIApplicationSceneManifest_Generation = YES;
				INFOPLIST_KEY_UIApplicationSupportsIndirectInputEvents = YES;
				INFOPLIST_KEY_UILaunchScreen_Generation = YES;
				INFOPLIST_KEY_UISupportedInterfaceOrientations_iPad = "UIInterfaceOrientationPortrait UIInterfaceOrientationPortraitUpsideDown UIInterfaceOrientationLandscapeLeft UIInterfaceOrientationLandscapeRight";
				INFOPLIST_KEY_UISupportedInterfaceOrientations_iPhone = "UIInterfaceOrientationPortrait UIInterfaceOrientationLandscapeLeft UIInterfaceOrientationLandscapeRight";
				LD_RUNPATH_SEARCH_PATHS = (
					"$(inherited)",
					"@executable_path/Frameworks",
				);
				MARKETING_VERSION = 1.0;
				PRODUCT_BUNDLE_IDENTIFIER = "com.nano3-app.ElderCalculator";
				PRODUCT_NAME = "$(TARGET_NAME)";
				SWIFT_EMIT_LOC_STRINGS = YES;
				SWIFT_VERSION = 5.0;
				TARGETED_DEVICE_FAMILY = "1,2";
			};
			name = Release;
		};
/* End XCBuildConfiguration section */

/* Begin XCConfigurationList section */
		462293272C3BA7F60044370A /* Build configuration list for PBXProject "ElderCalculator" */ = {
			isa = XCConfigurationList;
			buildConfigurations = (
				462293382C3BA7F80044370A /* Debug */,
				462293392C3BA7F80044370A /* Release */,
			);
			defaultConfigurationIsVisible = 0;
			defaultConfigurationName = Release;
		};
		4622933A2C3BA7F80044370A /* Build configuration list for PBXNativeTarget "ElderCalculator" */ = {
			isa = XCConfigurationList;
			buildConfigurations = (
				4622933B2C3BA7F80044370A /* Debug */,
				4622933C2C3BA7F80044370A /* Release */,
			);
			defaultConfigurationIsVisible = 0;
			defaultConfigurationName = Release;
		};
/* End XCConfigurationList section */
	};
	rootObject = 462293242C3BA7F60044370A /* Project object */;
}
